
Microsoft Visual Studio Solution File, Format Version 12.00
# Visual Studio Version 16
VisualStudioVersion = 16.0.34407.143
MinimumVisualStudioVersion = 10.0.40219.1
Project("{FAE04EC0-301F-11D3-BF4B-00C04F79EFBC}") = "VoreasChallenge", "VoreasChallenge\VoreasChallenge.csproj", "{772B308B-2ECE-4A3D-A8BD-1B6165E6CEB8}"
EndProject
Global
	GlobalSection(SolutionConfigurationPlatforms) = preSolution
		Debug|Any CPU = Debug|Any CPU
		Release|Any CPU = Release|Any CPU
	EndGlobalSection
	GlobalSection(ProjectConfigurationPlatforms) = postSolution
		{772B308B-2ECE-4A3D-A8BD-1B6165E6CEB8}.Debug|Any CPU.ActiveCfg = Debug|Any CPU
		{772B308B-2ECE-4A3D-A8BD-1B6165E6CEB8}.Debug|Any CPU.Build.0 = Debug|Any CPU
		{772B308B-2ECE-4A3D-A8BD-1B6165E6CEB8}.Release|Any CPU.ActiveCfg = Release|Any CPU
		{772B308B-2ECE-4A3D-A8BD-1B6165E6CEB8}.Release|Any CPU.Build.0 = Release|Any CPU
	EndGlobalSection
	GlobalSection(SolutionProperties) = preSolution
		HideSolutionNode = FALSE
	EndGlobalSection
	GlobalSection(ExtensibilityGlobals) = postSolution
		SolutionGuid = {25C3B166-5CA4-4E8C-B997-98124C2CFAF9}
	EndGlobalSection
EndGlobal
